
Microsoft Visual Studio Solution File, Format Version 12.00
Project("{FAE04EC0-301F-11D3-BF4B-00C04F79EFBC}") = "battleships", "battleships\battleships.csproj", "{220795BA-DBD0-4F2B-8423-3372E9A01332}"
EndProject
Project("{FAE04EC0-301F-11D3-BF4B-00C04F79EFBC}") = "battleships.Tests", "battleships.Tests\battleships.Tests.csproj", "{0AD58829-44CF-44AE-964E-7859E8E3A1AE}"
EndProject
Project("{2150E333-8FDC-42A3-9474-1A3956D46DE8}") = "Docs", "Docs", "{183CFA00-21DC-40AD-B9D2-A0B508E6C2EE}"
	ProjectSection(SolutionItems) = preProject
		README.md = README.md
	EndProjectSection
EndProject
Global
	GlobalSection(SolutionConfigurationPlatforms) = preSolution
		Debug|Any CPU = Debug|Any CPU
		Release|Any CPU = Release|Any CPU
	EndGlobalSection
	GlobalSection(ProjectConfigurationPlatforms) = postSolution
		{220795BA-DBD0-4F2B-8423-3372E9A01332}.Debug|Any CPU.ActiveCfg = Debug|Any CPU
		{220795BA-DBD0-4F2B-8423-3372E9A01332}.Debug|Any CPU.Build.0 = Debug|Any CPU
		{220795BA-DBD0-4F2B-8423-3372E9A01332}.Release|Any CPU.ActiveCfg = Release|Any CPU
		{220795BA-DBD0-4F2B-8423-3372E9A01332}.Release|Any CPU.Build.0 = Release|Any CPU
		{0AD58829-44CF-44AE-964E-7859E8E3A1AE}.Debug|Any CPU.ActiveCfg = Debug|Any CPU
		{0AD58829-44CF-44AE-964E-7859E8E3A1AE}.Debug|Any CPU.Build.0 = Debug|Any CPU
		{0AD58829-44CF-44AE-964E-7859E8E3A1AE}.Release|Any CPU.ActiveCfg = Release|Any CPU
		{0AD58829-44CF-44AE-964E-7859E8E3A1AE}.Release|Any CPU.Build.0 = Release|Any CPU
	EndGlobalSection
EndGlobal
